[{<<"datadescsql_container">>,
  {git,"git@git.dayukeji.com:ErlangFramework/datadescsql_container.git",
       {ref,"5c8fdf51833688baebd4cdc13439533173cabb9e"}},
  0},
 {<<"dataloggersql">>,
  {git,"git@git.dayukeji.com:ErlangFramework/dataloggersql.git",
       {ref,"b02612715710622f3e78c988e868a6c122fe65df"}},
  0},
 {<<"datatable">>,
  {git,"git@git.dayukeji.com:ErlangFramework/datatable.git",
       {ref,"bf89fafe25e180755676191d7f9bee4671ceb85b"}},
  0},
 {<<"erl_dynamic">>,
  {git,"git@git.dayukeji.com:ErlangFramework/erl_dynamic.git",
       {ref,"9afb044190e56fb0a72d82bd09f0e0a546ca8b6c"}},
  1},
 {<<"erl_gate">>,
  {git,"git@git.dayukeji.com:ErlangFramework/erl_gate.git",
       {ref,"d82ba2d0ee9c10c62e4458df53eba4b89c1d8b18"}},
  0},
 {<<"erl_logger">>,
  {git,"git@git.dayukeji.com:ErlangFramework/erl_logger.git",
       {ref,"41aa36883d39063001249e31be3c7deb108657b7"}},
  1},
 {<<"erl_mysql_adapter">>,
  {git,"git@git.dayukeji.com:ErlangFramework/erl_mysql_adapter.git",
       {ref,"1fb72801541630cdeaa27d9510e1536f0d8c84fa"}},
  1},
 {<<"pmod">>,
  {git,"git@git.dayukeji.com:ErlangFramework/pmod_transform.git",
       {ref,"69ba754128ec504bc6cafaed40c98fe4f1c4e48c"}},
  1},
 {<<"proper">>,
  {git,"git@git.dayukeji.com:ErlangFramework/proper.git",
       {ref,"f2b7b81666b21707244a40857cf50f4362b6e3c2"}},
  0},
 {<<"ranch">>,
  {git,"git@git.dayukeji.com:ErlangFramework/ranch.git",
       {ref,"a882739222df0ad73ab0cab24ae620e05f1b5827"}},
  1}].
