[{<<"dataloggersql">>,
  {git,"git@git.dayukeji.com:ErlangFramework/dataloggersql.git",
       {ref,"8636f78c9b146583bc179495cfebb5dc60656f31"}},
  0},
 {<<"datatable">>,
  {git,"git@git.dayukeji.com:ErlangFramework/datatable.git",
       {ref,"3d556aeb4174d340f8ff4ee092c18fe55bb60b1a"}},
  0},
 {<<"erl_dynamic">>,
  {git,"git@git.dayukeji.com:ErlangFramework/erl_dynamic.git",
       {ref,"18711836653356ed6f41263361d74c96d248e731"}},
  0},
 {<<"erl_gate">>,
  {git,"git@git.dayukeji.com:ErlangFramework/erl_gate.git",
       {ref,"4161799a26ed22f8b6653ca3a8ca2f06220150dc"}},
  0},
 {<<"erl_logger">>,
  {git,"git@git.dayukeji.com:ErlangFramework/erl_logger.git",
       {ref,"4393df337391032c0864e18414c2facdd704f51b"}},
  0},
 {<<"erl_mysql_adapter">>,
  {git,"git@git.dayukeji.com:ErlangFramework/erl_mysql_adapter.git",
       {ref,"89b4ecc172662d57eed890de652ffd25f3dd2369"}},
  1},
 {<<"erl_oauth_lib">>,
  {git,"git@git.dayukeji.com:ErlangFramework/erl_oauth_lib.git",
       {ref,"a92b5e8a380b0a721ba22393d05bf65d6220fe36"}},
  0},
 {<<"pmod_transform">>,
  {git,"git@git.dayukeji.com:ErlangFramework/pmod_transform.git",
       {ref,"69ba754128ec504bc6cafaed40c98fe4f1c4e48c"}},
  0},
 {<<"proper">>,
  {git,"git@git.dayukeji.com:ErlangFramework/proper.git",
       {ref,"f2b7b81666b21707244a40857cf50f4362b6e3c2"}},
  0},
 {<<"ranch">>,
  {git,"git@git.dayukeji.com:ErlangFramework/ranch.git",
       {ref,"a882739222df0ad73ab0cab24ae620e05f1b5827"}},
  1}].
